{
  "name": "tesla-notifier",
  "version": "1.0.0",
  "lockfileVersion": 1,
  "requires": true,
  "dependencies": {
    "@sindresorhus/is": {
      "version": "2.1.0",
      "resolved": "https://packages.atlassian.com/api/npm/npm-remote/@sindresorhus/is/-/is-2.1.0.tgz",
      "integrity": "sha1-atTKYQ9pYJjpKVSrQx/4O+oM4T8="
    },
    "@szmarczak/http-timer": {
      "version": "4.0.5",
      "resolved": "https://packages.atlassian.com/api/npm/npm-remote/@szmarczak/http-timer/-/http-timer-4.0.5.tgz",
      "integrity": "sha1-v71QIR6d+lG6B9pYoUzf0zMgUVI=",
      "requires": {
        "defer-to-connect": "^2.0.0"
      }
    },
    "@types/cacheable-request": {
      "version": "6.0.1",
      "resolved": "https://packages.atlassian.com/api/npm/npm-remote/@types/cacheable-request/-/cacheable-request-6.0.1.tgz",
      "integrity": "sha1-XSLz3e0f06hMC761A5p0GcLJGXY=",
      "requires": {
        "@types/http-cache-semantics": "*",
        "@types/keyv": "*",
        "@types/node": "*",
        "@types/responselike": "*"
      }
    },
    "@types/http-cache-semantics": {
      "version": "4.0.0",
      "resolved": "https://packages.atlassian.com/api/npm/npm-remote/@types/http-cache-semantics/-/http-cache-semantics-4.0.0.tgz",
      "integrity": "sha1-kUB3lzaqJlVjXudW4kZ9eHz+iio="
    },
    "@types/keyv": {
      "version": "3.1.1",
      "resolved": "https://packages.atlassian.com/api/npm/npm-remote/@types/keyv/-/keyv-3.1.1.tgz",
      "integrity": "sha1-5FpFMk/KnatxarEjDuJJyftSz6c=",
      "requires": {
        "@types/node": "*"
      }
    },
    "@types/node": {
      "version": "13.11.0",
      "resolved": "https://packages.atlassian.com/api/npm/npm-remote/@types/node/-/node-13.11.0.tgz",
      "integrity": "sha1-OQ6iAlOcYcj6a6RCi1fgW8NtxHs="
    },
    "@types/responselike": {
      "version": "1.0.0",
      "resolved": "https://packages.atlassian.com/api/npm/npm-remote/@types/responselike/-/responselike-1.0.0.tgz",
      "integrity": "sha1-JR9P59FU0rrRJavhtCmyOv0mLik=",
      "requires": {
        "@types/node": "*"
      }
    },
    "aws-sdk": {
      "version": "2.654.0",
      "resolved": "https://packages.atlassian.com/api/npm/npm-remote/aws-sdk/-/aws-sdk-2.654.0.tgz",
      "integrity": "sha1-cf2ZommdgC+S6SS9QP3iKopAHiU=",
      "requires": {
        "buffer": "4.9.1",
        "events": "1.1.1",
        "ieee754": "1.1.13",
        "jmespath": "0.15.0",
        "querystring": "0.2.0",
        "sax": "1.2.1",
        "url": "0.10.3",
        "uuid": "3.3.2",
        "xml2js": "0.4.19"
      }
    },
    "base64-js": {
      "version": "1.3.1",
      "resolved": "https://packages.atlassian.com/api/npm/npm-remote/base64-js/-/base64-js-1.3.1.tgz",
      "integrity": "sha1-WOzoy3XdB+ce0IxzarxfrE2/jfE="
    },
    "buffer": {
      "version": "4.9.1",
      "resolved": "https://packages.atlassian.com/api/npm/npm-remote/buffer/-/buffer-4.9.1.tgz",
      "integrity": "sha1-bRu2AbB6TvztlwlBMgkwJ8lbwpg=",
      "requires": {
        "base64-js": "^1.0.2",
        "ieee754": "^1.1.4",
        "isarray": "^1.0.0"
      }
    },
    "cacheable-lookup": {
      "version": "2.0.1",
      "resolved": "https://packages.atlassian.com/api/npm/npm-remote/cacheable-lookup/-/cacheable-lookup-2.0.1.tgz",
      "integrity": "sha1-h75koYuSUjSHXhCpux68pK3Oazg=",
      "requires": {
        "@types/keyv": "^3.1.1",
        "keyv": "^4.0.0"
      }
    },
    "cacheable-request": {
      "version": "7.0.1",
      "resolved": "https://packages.atlassian.com/api/npm/npm-remote/cacheable-request/-/cacheable-request-7.0.1.tgz",
      "integrity": "sha1-BiAxwoViMngu1pSiV/o12pOUKlg=",
      "requires": {
        "clone-response": "^1.0.2",
        "get-stream": "^5.1.0",
        "http-cache-semantics": "^4.0.0",
        "keyv": "^4.0.0",
        "lowercase-keys": "^2.0.0",
        "normalize-url": "^4.1.0",
        "responselike": "^2.0.0"
      }
    },
    "clone-response": {
      "version": "1.0.2",
      "resolved": "https://packages.atlassian.com/api/npm/npm-remote/clone-response/-/clone-response-1.0.2.tgz",
      "integrity": "sha1-0dyXOSAxTfZ/vrlCI7TuNQI56Ws=",
      "requires": {
        "mimic-response": "^1.0.0"
      },
      "dependencies": {
        "mimic-response": {
          "version": "1.0.1",
          "resolved": "https://packages.atlassian.com/api/npm/npm-remote/mimic-response/-/mimic-response-1.0.1.tgz",
          "integrity": "sha1-SSNTiHju9CBjy4o+OweYeBSHqxs="
        }
      }
    },
    "decompress-response": {
      "version": "5.0.0",
      "resolved": "https://packages.atlassian.com/api/npm/npm-remote/decompress-response/-/decompress-response-5.0.0.tgz",
      "integrity": "sha1-eEk5boDj0euoyy9170kw92Rhyw8=",
      "requires": {
        "mimic-response": "^2.0.0"
      }
    },
    "defer-to-connect": {
      "version": "2.0.0",
      "resolved": "https://packages.atlassian.com/api/npm/npm-remote/defer-to-connect/-/defer-to-connect-2.0.0.tgz",
      "integrity": "sha1-g9axmdsEFZOshNeBtSIjCMz0wsE="
    },
    "duplexer3": {
      "version": "0.1.4",
      "resolved": "https://packages.atlassian.com/api/npm/npm-remote/duplexer3/-/duplexer3-0.1.4.tgz",
      "integrity": "sha1-7gHdHKwO08vH/b6jfcCo8c4ALOI="
    },
    "end-of-stream": {
      "version": "1.4.4",
      "resolved": "https://packages.atlassian.com/api/npm/npm-remote/end-of-stream/-/end-of-stream-1.4.4.tgz",
      "integrity": "sha1-WuZKX0UFe682JuwU2gyl5LJDHrA=",
      "requires": {
        "once": "^1.4.0"
      }
    },
    "events": {
      "version": "1.1.1",
      "resolved": "https://packages.atlassian.com/api/npm/npm-remote/events/-/events-1.1.1.tgz",
      "integrity": "sha1-nr23Y1rQmccNzEwqH1AEKI6L2SQ="
    },
    "get-stream": {
      "version": "5.1.0",
      "resolved": "https://packages.atlassian.com/api/npm/npm-remote/get-stream/-/get-stream-5.1.0.tgz",
      "integrity": "sha1-ASA83JJZf5uQkGfD5lbMH008Tck=",
      "requires": {
        "pump": "^3.0.0"
      }
    },
    "got": {
      "version": "10.7.0",
      "resolved": "https://packages.atlassian.com/api/npm/npm-remote/got/-/got-10.7.0.tgz",
      "integrity": "sha1-YoidvNbMoyzWoVTMLQxolRIdCR8=",
      "requires": {
        "@sindresorhus/is": "^2.0.0",
        "@szmarczak/http-timer": "^4.0.0",
        "@types/cacheable-request": "^6.0.1",
        "cacheable-lookup": "^2.0.0",
        "cacheable-request": "^7.0.1",
        "decompress-response": "^5.0.0",
        "duplexer3": "^0.1.4",
        "get-stream": "^5.0.0",
        "lowercase-keys": "^2.0.0",
        "mimic-response": "^2.1.0",
        "p-cancelable": "^2.0.0",
        "p-event": "^4.0.0",
        "responselike": "^2.0.0",
        "to-readable-stream": "^2.0.0",
        "type-fest": "^0.10.0"
      }
    },
    "http-cache-semantics": {
      "version": "4.1.0",
      "resolved": "https://packages.atlassian.com/api/npm/npm-remote/http-cache-semantics/-/http-cache-semantics-4.1.0.tgz",
      "integrity": "sha1-SekcXL82yblLz81xwj1SSex045A="
    },
    "ieee754": {
      "version": "1.1.13",
      "resolved": "https://packages.atlassian.com/api/npm/npm-remote/ieee754/-/ieee754-1.1.13.tgz",
      "integrity": "sha1-7BaFWOlaoYH9h9N/VcMrvLZwi4Q="
    },
    "isarray": {
      "version": "1.0.0",
      "resolved": "https://packages.atlassian.com/api/npm/npm-remote/isarray/-/isarray-1.0.0.tgz",
      "integrity": "sha1-u5NdSFgsuhaMBoNJV6VKPgcSTxE="
    },
    "jmespath": {
      "version": "0.15.0",
      "resolved": "https://packages.atlassian.com/api/npm/npm-remote/jmespath/-/jmespath-0.15.0.tgz",
      "integrity": "sha1-o/Iiqarp+Wb10nx5ZRDigJF2Qhc="
    },
    "json-buffer": {
      "version": "3.0.1",
      "resolved": "https://packages.atlassian.com/api/npm/npm-remote/json-buffer/-/json-buffer-3.0.1.tgz",
      "integrity": "sha1-kziAKjDTtmBfvgYT4JQAjKjAWhM="
    },
    "keyv": {
      "version": "4.0.0",
      "resolved": "https://packages.atlassian.com/api/npm/npm-remote/keyv/-/keyv-4.0.0.tgz",
      "integrity": "sha1-LR2raUkmstQn5MdIBKEIUL5EwS8=",
      "requires": {
        "json-buffer": "3.0.1"
      }
    },
    "lowercase-keys": {
      "version": "2.0.0",
      "resolved": "https://packages.atlassian.com/api/npm/npm-remote/lowercase-keys/-/lowercase-keys-2.0.0.tgz",
      "integrity": "sha1-JgPni3tLAAbLyi+8yKMgJVislHk="
    },
    "mimic-response": {
      "version": "2.1.0",
      "resolved": "https://packages.atlassian.com/api/npm/npm-remote/mimic-response/-/mimic-response-2.1.0.tgz",
      "integrity": "sha1-0Tdj019hPQnsN+uzC6wEacDuj0M="
    },
    "mustache": {
      "version": "4.0.1",
      "resolved": "https://packages.atlassian.com/api/npm/npm-remote/mustache/-/mustache-4.0.1.tgz",
      "integrity": "sha1-2ZvrAxcBrUMzOOfqZeBIlBbIVKI="
    },
    "normalize-url": {
      "version": "4.5.0",
      "resolved": "https://packages.atlassian.com/api/npm/npm-remote/normalize-url/-/normalize-url-4.5.0.tgz",
      "integrity": "sha1-RTNUCH5sqWlXvY9br3U/WYIUISk="
    },
    "once": {
      "version": "1.4.0",
      "resolved": "https://packages.atlassian.com/api/npm/npm-remote/once/-/once-1.4.0.tgz",
      "integrity": "sha1-WDsap3WWHUsROsF9nFC6753Xa9E=",
      "requires": {
        "wrappy": "1"
      }
    },
    "p-cancelable": {
      "version": "2.0.0",
      "resolved": "https://packages.atlassian.com/api/npm/npm-remote/p-cancelable/-/p-cancelable-2.0.0.tgz",
      "integrity": "sha1-SjdA9b2vXtXXw+NIgsb7XWsmam4="
    },
    "p-event": {
      "version": "4.1.0",
      "resolved": "https://packages.atlassian.com/api/npm/npm-remote/p-event/-/p-event-4.1.0.tgz",
      "integrity": "sha1-6Su4Ztfo5bcyKTscgmnTjpmCv44=",
      "requires": {
        "p-timeout": "^2.0.1"
      }
    },
    "p-finally": {
      "version": "1.0.0",
      "resolved": "https://packages.atlassian.com/api/npm/npm-remote/p-finally/-/p-finally-1.0.0.tgz",
      "integrity": "sha1-P7z7FbiZpEEjs0ttzBi3JDNqLK4="
    },
    "p-timeout": {
      "version": "2.0.1",
      "resolved": "https://packages.atlassian.com/api/npm/npm-remote/p-timeout/-/p-timeout-2.0.1.tgz",
      "integrity": "sha1-2N0ZeVldLcATnh/ka4tkbLPN8Dg=",
      "requires": {
        "p-finally": "^1.0.0"
      }
    },
    "prettier": {
      "version": "2.0.2",
      "resolved": "https://packages.atlassian.com/api/npm/npm-remote/prettier/-/prettier-2.0.2.tgz",
      "integrity": "sha1-G6jz65IjHnabf818tzrhtrdK3gg=",
      "dev": true
    },
    "pump": {
      "version": "3.0.0",
      "resolved": "https://packages.atlassian.com/api/npm/npm-remote/pump/-/pump-3.0.0.tgz",
      "integrity": "sha1-tKIRaBW94vTh6mAjVOjHVWUQemQ=",
      "requires": {
        "end-of-stream": "^1.1.0",
        "once": "^1.3.1"
      }
    },
    "punycode": {
      "version": "1.3.2",
      "resolved": "https://packages.atlassian.com/api/npm/npm-remote/punycode/-/punycode-1.3.2.tgz",
      "integrity": "sha1-llOgNvt8HuQjQvIyXM7v6jkmxI0="
    },
    "querystring": {
      "version": "0.2.0",
      "resolved": "https://packages.atlassian.com/api/npm/npm-remote/querystring/-/querystring-0.2.0.tgz",
      "integrity": "sha1-sgmEkgO7Jd+CDadW50cAWHhSFiA="
    },
    "responselike": {
      "version": "2.0.0",
      "resolved": "https://packages.atlassian.com/api/npm/npm-remote/responselike/-/responselike-2.0.0.tgz",
      "integrity": "sha1-JjkbzDF091D5p56sxAoSpcQtdyM=",
      "requires": {
        "lowercase-keys": "^2.0.0"
      }
    },
    "sax": {
      "version": "1.2.1",
      "resolved": "https://packages.atlassian.com/api/npm/npm-remote/sax/-/sax-1.2.1.tgz",
      "integrity": "sha1-e45lYZCyKOgaZq6nSEgNgozS03o="
    },
    "to-readable-stream": {
      "version": "2.1.0",
      "resolved": "https://packages.atlassian.com/api/npm/npm-remote/to-readable-stream/-/to-readable-stream-2.1.0.tgz",
      "integrity": "sha1-gogDFhIb6mYs3CJq2zCt21DLBug="
    },
    "type-fest": {
      "version": "0.10.0",
      "resolved": "https://packages.atlassian.com/api/npm/npm-remote/type-fest/-/type-fest-0.10.0.tgz",
      "integrity": "sha1-fwayufv8WBBo0TQf+r0DSc6vxkI="
    },
    "url": {
      "version": "0.10.3",
      "resolved": "https://packages.atlassian.com/api/npm/npm-remote/url/-/url-0.10.3.tgz",
      "integrity": "sha1-Ah5NnHcF8hu/N9A861h2dAJ3TGQ=",
      "requires": {
        "punycode": "1.3.2",
        "querystring": "0.2.0"
      }
    },
    "uuid": {
      "version": "3.3.2",
      "resolved": "https://packages.atlassian.com/api/npm/npm-remote/uuid/-/uuid-3.3.2.tgz",
      "integrity": "sha1-G0r0lV6zB3xQHCOHL8ZROBFYcTE="
    },
    "wrappy": {
      "version": "1.0.2",
      "resolved": "https://packages.atlassian.com/api/npm/npm-remote/wrappy/-/wrappy-1.0.2.tgz",
      "integrity": "sha1-tSQ9jz7BqjXxNkYFvA0QNuMKtp8="
    },
    "xml2js": {
      "version": "0.4.19",
      "resolved": "https://packages.atlassian.com/api/npm/npm-remote/xml2js/-/xml2js-0.4.19.tgz",
      "integrity": "sha1-aGwg8hMgnpSr8NG88e+qKRx4J6c=",
      "requires": {
        "sax": ">=0.6.0",
        "xmlbuilder": "~9.0.1"
      }
    },
    "xmlbuilder": {
      "version": "9.0.7",
      "resolved": "https://packages.atlassian.com/api/npm/npm-remote/xmlbuilder/-/xmlbuilder-9.0.7.tgz",
      "integrity": "sha1-Ey7mPS7FVlxVfiD0wi35rKaGsQ0="
    }
  }
}
